
Microsoft Visual Studio Solution File, Format Version 12.00
# Visual Studio Version 16
VisualStudioVersion = 16.0.31112.23
MinimumVisualStudioVersion = 10.0.40219.1
Project("{FAE04EC0-301F-11D3-BF4B-00C04F79EFBC}") = "program 5", "program 5\program 5.csproj", "{43BDE74F-F674-4636-BD59-1AFC5E22BD3F}"
EndProject
Global
	GlobalSection(SolutionConfigurationPlatforms) = preSolution
		Debug|Any CPU = Debug|Any CPU
		Release|Any CPU = Release|Any CPU
	EndGlobalSection
	GlobalSection(ProjectConfigurationPlatforms) = postSolution
		{43BDE74F-F674-4636-BD59-1AFC5E22BD3F}.Debug|Any CPU.ActiveCfg = Debug|Any CPU
		{43BDE74F-F674-4636-BD59-1AFC5E22BD3F}.Debug|Any CPU.Build.0 = Debug|Any CPU
		{43BDE74F-F674-4636-BD59-1AFC5E22BD3F}.Release|Any CPU.ActiveCfg = Release|Any CPU
		{43BDE74F-F674-4636-BD59-1AFC5E22BD3F}.Release|Any CPU.Build.0 = Release|Any CPU
	EndGlobalSection
	GlobalSection(SolutionProperties) = preSolution
		HideSolutionNode = FALSE
	EndGlobalSection
	GlobalSection(ExtensibilityGlobals) = postSolution
		SolutionGuid = {7E8B46B5-80C7-4AFA-AF09-A3E89185EE1C}
	EndGlobalSection
EndGlobal
